// !$*UTF8*$!
{
	archiveVersion = 1;
	classes = {
	};
	objectVersion = 46;
	objects = {

/* Begin PBXBuildFile section */
		C377A6981BBE424A00F58C8F /* pickerExampleIC.swift in Sources */ = {isa = PBXBuildFile; fileRef = C377A6971BBE424A00F58C8F /* pickerExampleIC.swift */; settings = {ASSET_TAGS = (); }; };
		C38474D51BBB9B91009E8331 /* AppDelegate.swift in Sources */ = {isa = PBXBuildFile; fileRef = C38474D41BBB9B91009E8331 /* AppDelegate.swift */; };
		C38474D71BBB9B91009E8331 /* ViewController.swift in Sources */ = {isa = PBXBuildFile; fileRef = C38474D61BBB9B91009E8331 /* ViewController.swift */; };
		C38474DA1BBB9B91009E8331 /* Main.storyboard in Resources */ = {isa = PBXBuildFile; fileRef = C38474D81BBB9B91009E8331 /* Main.storyboard */; };
		C38474DC1BBB9B91009E8331 /* Assets.xcassets in Resources */ = {isa = PBXBuildFile; fileRef = C38474DB1BBB9B91009E8331 /* Assets.xcassets */; };
		C38474DF1BBB9B91009E8331 /* LaunchScreen.storyboard in Resources */ = {isa = PBXBuildFile; fileRef = C38474DD1BBB9B91009E8331 /* LaunchScreen.storyboard */; };
		C38474EA1BBB9B91009E8331 /* Dice_RollerTests.swift in Sources */ = {isa = PBXBuildFile; fileRef = C38474E91BBB9B91009E8331 /* Dice_RollerTests.swift */; };
		C38474F51BBB9B91009E8331 /* Dice_RollerUITests.swift in Sources */ = {isa = PBXBuildFile; fileRef = C38474F41BBB9B91009E8331 /* Dice_RollerUITests.swift */; };
		C38474FA1BBB9B91009E8331 /* Dice Roller WatchKit App.app in Embed Watch Content */ = {isa = PBXBuildFile; fileRef = C38474F91BBB9B91009E8331 /* Dice Roller WatchKit App.app */; };
		C38475001BBB9B91009E8331 /* Interface.storyboard in Resources */ = {isa = PBXBuildFile; fileRef = C38474FE1BBB9B91009E8331 /* Interface.storyboard */; };
		C38475021BBB9B91009E8331 /* Assets.xcassets in Resources */ = {isa = PBXBuildFile; fileRef = C38475011BBB9B91009E8331 /* Assets.xcassets */; };
		C38475091BBB9B91009E8331 /* Dice Roller WatchKit Extension.appex in Embed App Extensions */ = {isa = PBXBuildFile; fileRef = C38475081BBB9B91009E8331 /* Dice Roller WatchKit Extension.appex */; settings = {ATTRIBUTES = (RemoveHeadersOnCopy, ); }; };
		C38475101BBB9B91009E8331 /* InterfaceController.swift in Sources */ = {isa = PBXBuildFile; fileRef = C384750F1BBB9B91009E8331 /* InterfaceController.swift */; };
		C38475121BBB9B91009E8331 /* ExtensionDelegate.swift in Sources */ = {isa = PBXBuildFile; fileRef = C38475111BBB9B91009E8331 /* ExtensionDelegate.swift */; };
		C38475141BBB9B91009E8331 /* NotificationController.swift in Sources */ = {isa = PBXBuildFile; fileRef = C38475131BBB9B91009E8331 /* NotificationController.swift */; };
		C38475161BBB9B91009E8331 /* Assets.xcassets in Resources */ = {isa = PBXBuildFile; fileRef = C38475151BBB9B91009E8331 /* Assets.xcassets */; };
		C38475311BBBB23D009E8331 /* diceRow.swift in Sources */ = {isa = PBXBuildFile; fileRef = C38475301BBBB23D009E8331 /* diceRow.swift */; settings = {ASSET_TAGS = (); }; };
		C38475331BBBB382009E8331 /* tableExampleIC.swift in Sources */ = {isa = PBXBuildFile; fileRef = C38475321BBBB382009E8331 /* tableExampleIC.swift */; settings = {ASSET_TAGS = (); }; };
		C38475471BBBC242009E8331 /* D100.png in Resources */ = {isa = PBXBuildFile; fileRef = C38475461BBBC242009E8331 /* D100.png */; settings = {ASSET_TAGS = (); }; };
		C384754A1BBBC6D4009E8331 /* D4.png in Resources */ = {isa = PBXBuildFile; fileRef = C38475481BBBC6D4009E8331 /* D4.png */; settings = {ASSET_TAGS = (); }; };
		C384754B1BBBC6D4009E8331 /* D6.png in Resources */ = {isa = PBXBuildFile; fileRef = C38475491BBBC6D4009E8331 /* D6.png */; settings = {ASSET_TAGS = (); }; };
		C38475501BBBC6DE009E8331 /* D8.png in Resources */ = {isa = PBXBuildFile; fileRef = C384754C1BBBC6DE009E8331 /* D8.png */; settings = {ASSET_TAGS = (); }; };
		C38475511BBBC6DE009E8331 /* D10.png in Resources */ = {isa = PBXBuildFile; fileRef = C384754D1BBBC6DE009E8331 /* D10.png */; settings = {ASSET_TAGS = (); }; };
		C38475521BBBC6DE009E8331 /* D12.png in Resources */ = {isa = PBXBuildFile; fileRef = C384754E1BBBC6DE009E8331 /* D12.png */; settings = {ASSET_TAGS = (); }; };
		C38475531BBBC6DE009E8331 /* D20.png in Resources */ = {isa = PBXBuildFile; fileRef = C384754F1BBBC6DE009E8331 /* D20.png */; settings = {ASSET_TAGS = (); }; };
		C3AA477A1BCB40460083ED35 /* DiceRollerCore.swift in Sources */ = {isa = PBXBuildFile; fileRef = C3AA47791BCB40460083ED35 /* DiceRollerCore.swift */; settings = {ASSET_TAGS = (); }; };
		C3AA477C1BCB4E800083ED35 /* MainScreenIC.swift in Sources */ = {isa = PBXBuildFile; fileRef = C3AA477B1BCB4E800083ED35 /* MainScreenIC.swift */; settings = {ASSET_TAGS = (); }; };
		C3AA477E1BCB4EAD0083ED35 /* DiceSelectScreenIC.swift in Sources */ = {isa = PBXBuildFile; fileRef = C3AA477D1BCB4EAD0083ED35 /* DiceSelectScreenIC.swift */; settings = {ASSET_TAGS = (); }; };
		C3AA47801BCB4F100083ED35 /* QuantitySelectScreenIC.swift in Sources */ = {isa = PBXBuildFile; fileRef = C3AA477F1BCB4F100083ED35 /* QuantitySelectScreenIC.swift */; settings = {ASSET_TAGS = (); }; };
		C3AA47821BCB5B9A0083ED35 /* Roll.swift in Sources */ = {isa = PBXBuildFile; fileRef = C3AA47811BCB5B9A0083ED35 /* Roll.swift */; settings = {ASSET_TAGS = (); }; };
		C3AA47841BCB5E540083ED35 /* rollRow.swift in Sources */ = {isa = PBXBuildFile; fileRef = C3AA47831BCB5E540083ED35 /* rollRow.swift */; settings = {ASSET_TAGS = (); }; };
/* End PBXBuildFile section */

/* Begin PBXContainerItemProxy section */
		C38474E61BBB9B91009E8331 /* PBXContainerItemProxy */ = {
			isa = PBXContainerItemProxy;
			containerPortal = C38474C91BBB9B91009E8331 /* Project object */;
			proxyType = 1;
			remoteGlobalIDString = C38474D01BBB9B91009E8331;
			remoteInfo = "Dice Roller";
		};
		C38474F11BBB9B91009E8331 /* PBXContainerItemProxy */ = {
			isa = PBXContainerItemProxy;
			containerPortal = C38474C91BBB9B91009E8331 /* Project object */;
			proxyType = 1;
			remoteGlobalIDString = C38474D01BBB9B91009E8331;
			remoteInfo = "Dice Roller";
		};
		C38474FB1BBB9B91009E8331 /* PBXContainerItemProxy */ = {
			isa = PBXContainerItemProxy;
			containerPortal = C38474C91BBB9B91009E8331 /* Project object */;
			proxyType = 1;
			remoteGlobalIDString = C38474F81BBB9B91009E8331;
			remoteInfo = "Dice Roller WatchKit App";
		};
		C384750A1BBB9B91009E8331 /* PBXContainerItemProxy */ = {
			isa = PBXContainerItemProxy;
			containerPortal = C38474C91BBB9B91009E8331 /* Project object */;
			proxyType = 1;
			remoteGlobalIDString = C38475071BBB9B91009E8331;
			remoteInfo = "Dice Roller WatchKit Extension";
		};
/* End PBXContainerItemProxy section */

/* Begin PBXCopyFilesBuildPhase section */
		C384751D1BBB9B91009E8331 /* Embed App Extensions */ = {
			isa = PBXCopyFilesBuildPhase;
			buildActionMask = 2147483647;
			dstPath = "";
			dstSubfolderSpec = 13;
			files = (
				C38475091BBB9B91009E8331 /* Dice Roller WatchKit Extension.appex in Embed App Extensions */,
			);
			name = "Embed App Extensions";
			runOnlyForDeploymentPostprocessing = 0;
		};
		C38475211BBB9B91009E8331 /* Embed Watch Content */ = {
			isa = PBXCopyFilesBuildPhase;
			buildActionMask = 2147483647;
			dstPath = "$(CONTENTS_FOLDER_PATH)/Watch";
			dstSubfolderSpec = 16;
			files = (
				C38474FA1BBB9B91009E8331 /* Dice Roller WatchKit App.app in Embed Watch Content */,
			);
			name = "Embed Watch Content";
			runOnlyForDeploymentPostprocessing = 0;
		};
/* End PBXCopyFilesBuildPhase section */

/* Begin PBXFileReference section */
		C377A6971BBE424A00F58C8F /* pickerExampleIC.swift */ = {isa = PBXFileReference; fileEncoding = 4; lastKnownFileType = sourcecode.swift; path = pickerExampleIC.swift; sourceTree = "<group>"; };
		C38474D11BBB9B91009E8331 /* Dice Roller.app */ = {isa = PBXFileReference; explicitFileType = wrapper.application; includeInIndex = 0; path = "Dice Roller.app"; sourceTree = BUILT_PRODUCTS_DIR; };
		C38474D41BBB9B91009E8331 /* AppDelegate.swift */ = {isa = PBXFileReference; lastKnownFileType = sourcecode.swift; path = AppDelegate.swift; sourceTree = "<group>"; };
		C38474D61BBB9B91009E8331 /* ViewController.swift */ = {isa = PBXFileReference; lastKnownFileType = sourcecode.swift; path = ViewController.swift; sourceTree = "<group>"; };
		C38474D91BBB9B91009E8331 /* Base */ = {isa = PBXFileReference; lastKnownFileType = file.storyboard; name = Base; path = Base.lproj/Main.storyboard; sourceTree = "<group>"; };
		C38474DB1BBB9B91009E8331 /* Assets.xcassets */ = {isa = PBXFileReference; lastKnownFileType = folder.assetcatalog; path = Assets.xcassets; sourceTree = "<group>"; };
		C38474DE1BBB9B91009E8331 /* Base */ = {isa = PBXFileReference; lastKnownFileType = file.storyboard; name = Base; path = Base.lproj/LaunchScreen.storyboard; sourceTree = "<group>"; };
		C38474E01BBB9B91009E8331 /* Info.plist */ = {isa = PBXFileReference; lastKnownFileType = text.plist.xml; path = Info.plist; sourceTree = "<group>"; };
		C38474E51BBB9B91009E8331 /* Dice RollerTests.xctest */ = {isa = PBXFileReference; explicitFileType = wrapper.cfbundle; includeInIndex = 0; path = "Dice RollerTests.xctest"; sourceTree = BUILT_PRODUCTS_DIR; };
		C38474E91BBB9B91009E8331 /* Dice_RollerTests.swift */ = {isa = PBXFileReference; lastKnownFileType = sourcecode.swift; path = Dice_RollerTests.swift; sourceTree = "<group>"; };
		C38474EB1BBB9B91009E8331 /* Info.plist */ = {isa = PBXFileReference; lastKnownFileType = text.plist.xml; path = Info.plist; sourceTree = "<group>"; };
		C38474F01BBB9B91009E8331 /* Dice RollerUITests.xctest */ = {isa = PBXFileReference; explicitFileType = wrapper.cfbundle; includeInIndex = 0; path = "Dice RollerUITests.xctest"; sourceTree = BUILT_PRODUCTS_DIR; };
		C38474F41BBB9B91009E8331 /* Dice_RollerUITests.swift */ = {isa = PBXFileReference; lastKnownFileType = sourcecode.swift; path = Dice_RollerUITests.swift; sourceTree = "<group>"; };
		C38474F61BBB9B91009E8331 /* Info.plist */ = {isa = PBXFileReference; lastKnownFileType = text.plist.xml; path = Info.plist; sourceTree = "<group>"; };
		C38474F91BBB9B91009E8331 /* Dice Roller WatchKit App.app */ = {isa = PBXFileReference; explicitFileType = wrapper.application; includeInIndex = 0; path = "Dice Roller WatchKit App.app"; sourceTree = BUILT_PRODUCTS_DIR; };
		C38474FF1BBB9B91009E8331 /* Base */ = {isa = PBXFileReference; lastKnownFileType = file.storyboard; name = Base; path = Base.lproj/Interface.storyboard; sourceTree = "<group>"; };
		C38475011BBB9B91009E8331 /* Assets.xcassets */ = {isa = PBXFileReference; lastKnownFileType = folder.assetcatalog; path = Assets.xcassets; sourceTree = "<group>"; };
		C38475031BBB9B91009E8331 /* Info.plist */ = {isa = PBXFileReference; lastKnownFileType = text.plist.xml; path = Info.plist; sourceTree = "<group>"; };
		C38475081BBB9B91009E8331 /* Dice Roller WatchKit Extension.appex */ = {isa = PBXFileReference; explicitFileType = "wrapper.app-extension"; includeInIndex = 0; path = "Dice Roller WatchKit Extension.appex"; sourceTree = BUILT_PRODUCTS_DIR; };
		C384750E1BBB9B91009E8331 /* PushNotificationPayload.apns */ = {isa = PBXFileReference; lastKnownFileType = text; path = PushNotificationPayload.apns; sourceTree = "<group>"; };
		C384750F1BBB9B91009E8331 /* InterfaceController.swift */ = {isa = PBXFileReference; lastKnownFileType = sourcecode.swift; path = InterfaceController.swift; sourceTree = "<group>"; };
		C38475111BBB9B91009E8331 /* ExtensionDelegate.swift */ = {isa = PBXFileReference; lastKnownFileType = sourcecode.swift; path = ExtensionDelegate.swift; sourceTree = "<group>"; };
		C38475131BBB9B91009E8331 /* NotificationController.swift */ = {isa = PBXFileReference; lastKnownFileType = sourcecode.swift; path = NotificationController.swift; sourceTree = "<group>"; };
		C38475151BBB9B91009E8331 /* Assets.xcassets */ = {isa = PBXFileReference; lastKnownFileType = folder.assetcatalog; path = Assets.xcassets; sourceTree = "<group>"; };
		C38475171BBB9B91009E8331 /* Info.plist */ = {isa = PBXFileReference; lastKnownFileType = text.plist.xml; path = Info.plist; sourceTree = "<group>"; };
		C38475301BBBB23D009E8331 /* diceRow.swift */ = {isa = PBXFileReference; fileEncoding = 4; lastKnownFileType = sourcecode.swift; path = diceRow.swift; sourceTree = "<group>"; };
		C38475321BBBB382009E8331 /* tableExampleIC.swift */ = {isa = PBXFileReference; fileEncoding = 4; lastKnownFileType = sourcecode.swift; path = tableExampleIC.swift; sourceTree = "<group>"; };
		C38475461BBBC242009E8331 /* D100.png */ = {isa = PBXFileReference; lastKnownFileType = image.png; path = D100.png; sourceTree = "<group>"; };
		C38475481BBBC6D4009E8331 /* D4.png */ = {isa = PBXFileReference; lastKnownFileType = image.png; path = D4.png; sourceTree = "<group>"; };
		C38475491BBBC6D4009E8331 /* D6.png */ = {isa = PBXFileReference; lastKnownFileType = image.png; path = D6.png; sourceTree = "<group>"; };
		C384754C1BBBC6DE009E8331 /* D8.png */ = {isa = PBXFileReference; lastKnownFileType = image.png; path = D8.png; sourceTree = "<group>"; };
		C384754D1BBBC6DE009E8331 /* D10.png */ = {isa = PBXFileReference; lastKnownFileType = image.png; path = D10.png; sourceTree = "<group>"; };
		C384754E1BBBC6DE009E8331 /* D12.png */ = {isa = PBXFileReference; lastKnownFileType = image.png; path = D12.png; sourceTree = "<group>"; };
		C384754F1BBBC6DE009E8331 /* D20.png */ = {isa = PBXFileReference; lastKnownFileType = image.png; path = D20.png; sourceTree = "<group>"; };
		C3AA47791BCB40460083ED35 /* DiceRollerCore.swift */ = {isa = PBXFileReference; fileEncoding = 4; lastKnownFileType = sourcecode.swift; path = DiceRollerCore.swift; sourceTree = "<group>"; };
		C3AA477B1BCB4E800083ED35 /* MainScreenIC.swift */ = {isa = PBXFileReference; fileEncoding = 4; lastKnownFileType = sourcecode.swift; path = MainScreenIC.swift; sourceTree = "<group>"; };
		C3AA477D1BCB4EAD0083ED35 /* DiceSelectScreenIC.swift */ = {isa = PBXFileReference; fileEncoding = 4; lastKnownFileType = sourcecode.swift; path = DiceSelectScreenIC.swift; sourceTree = "<group>"; };
		C3AA477F1BCB4F100083ED35 /* QuantitySelectScreenIC.swift */ = {isa = PBXFileReference; fileEncoding = 4; lastKnownFileType = sourcecode.swift; path = QuantitySelectScreenIC.swift; sourceTree = "<group>"; };
		C3AA47811BCB5B9A0083ED35 /* Roll.swift */ = {isa = PBXFileReference; fileEncoding = 4; lastKnownFileType = sourcecode.swift; path = Roll.swift; sourceTree = "<group>"; };
		C3AA47831BCB5E540083ED35 /* rollRow.swift */ = {isa = PBXFileReference; fileEncoding = 4; lastKnownFileType = sourcecode.swift; path = rollRow.swift; sourceTree = "<group>"; };
/* End PBXFileReference section */

/* Begin PBXFrameworksBuildPhase section */
		C38474CE1BBB9B91009E8331 /* Frameworks */ = {
			isa = PBXFrameworksBuildPhase;
			buildActionMask = 2147483647;
			files = (
			);
			runOnlyForDeploymentPostprocessing = 0;
		};
		C38474E21BBB9B91009E8331 /* Frameworks */ = {
			isa = PBXFrameworksBuildPhase;
			buildActionMask = 2147483647;
			files = (
			);
			runOnlyForDeploymentPostprocessing = 0;
		};
		C38474ED1BBB9B91009E8331 /* Frameworks */ = {
			isa = PBXFrameworksBuildPhase;
			buildActionMask = 2147483647;
			files = (
			);
			runOnlyForDeploymentPostprocessing = 0;
		};
		C38475051BBB9B91009E8331 /* Frameworks */ = {
			isa = PBXFrameworksBuildPhase;
			buildActionMask = 2147483647;
			files = (
			);
			runOnlyForDeploymentPostprocessing = 0;
		};
/* End PBXFrameworksBuildPhase section */

/* Begin PBXGroup section */
		C38474C81BBB9B91009E8331 = {
			isa = PBXGroup;
			children = (
				C38474D31BBB9B91009E8331 /* Dice Roller */,
				C38474E81BBB9B91009E8331 /* Dice RollerTests */,
				C38474F31BBB9B91009E8331 /* Dice RollerUITests */,
				C38474FD1BBB9B91009E8331 /* Dice Roller WatchKit App */,
				C384750C1BBB9B91009E8331 /* Dice Roller WatchKit Extension */,
				C38474D21BBB9B91009E8331 /* Products */,
			);
			sourceTree = "<group>";
		};
		C38474D21BBB9B91009E8331 /* Products */ = {
			isa = PBXGroup;
			children = (
				C38474D11BBB9B91009E8331 /* Dice Roller.app */,
				C38474E51BBB9B91009E8331 /* Dice RollerTests.xctest */,
				C38474F01BBB9B91009E8331 /* Dice RollerUITests.xctest */,
				C38474F91BBB9B91009E8331 /* Dice Roller WatchKit App.app */,
				C38475081BBB9B91009E8331 /* Dice Roller WatchKit Extension.appex */,
			);
			name = Products;
			sourceTree = "<group>";
		};
		C38474D31BBB9B91009E8331 /* Dice Roller */ = {
			isa = PBXGroup;
			children = (
				C38474D41BBB9B91009E8331 /* AppDelegate.swift */,
				C38474D61BBB9B91009E8331 /* ViewController.swift */,
				C38474D81BBB9B91009E8331 /* Main.storyboard */,
				C38474DB1BBB9B91009E8331 /* Assets.xcassets */,
				C38474DD1BBB9B91009E8331 /* LaunchScreen.storyboard */,
				C38474E01BBB9B91009E8331 /* Info.plist */,
			);
			path = "Dice Roller";
			sourceTree = "<group>";
		};
		C38474E81BBB9B91009E8331 /* Dice RollerTests */ = {
			isa = PBXGroup;
			children = (
				C38474E91BBB9B91009E8331 /* Dice_RollerTests.swift */,
				C38474EB1BBB9B91009E8331 /* Info.plist */,
			);
			path = "Dice RollerTests";
			sourceTree = "<group>";
		};
		C38474F31BBB9B91009E8331 /* Dice RollerUITests */ = {
			isa = PBXGroup;
			children = (
				C38474F41BBB9B91009E8331 /* Dice_RollerUITests.swift */,
				C38474F61BBB9B91009E8331 /* Info.plist */,
			);
			path = "Dice RollerUITests";
			sourceTree = "<group>";
		};
		C38474FD1BBB9B91009E8331 /* Dice Roller WatchKit App */ = {
			isa = PBXGroup;
			children = (
				C384752D1BBBAFDF009E8331 /* Images */,
				C38474FE1BBB9B91009E8331 /* Interface.storyboard */,
				C38475011BBB9B91009E8331 /* Assets.xcassets */,
				C38475031BBB9B91009E8331 /* Info.plist */,
			);
			path = "Dice Roller WatchKit App";
			sourceTree = "<group>";
		};
		C384750C1BBB9B91009E8331 /* Dice Roller WatchKit Extension */ = {
			isa = PBXGroup;
			children = (
				C3AA47891BCB5F680083ED35 /* Example Stuff */,
				C3AA47881BCB5EF00083ED35 /* Support Objects */,
				C3AA47871BCB5EBE0083ED35 /* Code Behinds */,
				C3AA47861BCB5E9B0083ED35 /* Singletons */,
				C3AA47851BCB5E5F0083ED35 /* Table Rows */,
				C38475111BBB9B91009E8331 /* ExtensionDelegate.swift */,
				C38475131BBB9B91009E8331 /* NotificationController.swift */,
				C38475151BBB9B91009E8331 /* Assets.xcassets */,
				C38475171BBB9B91009E8331 /* Info.plist */,
				C384750D1BBB9B91009E8331 /* Supporting Files */,
			);
			path = "Dice Roller WatchKit Extension";
			sourceTree = "<group>";
		};
		C384750D1BBB9B91009E8331 /* Supporting Files */ = {
			isa = PBXGroup;
			children = (
				C384750E1BBB9B91009E8331 /* PushNotificationPayload.apns */,
			);
			name = "Supporting Files";
			sourceTree = "<group>";
		};
		C384752D1BBBAFDF009E8331 /* Images */ = {
			isa = PBXGroup;
			children = (
				C384754C1BBBC6DE009E8331 /* D8.png */,
				C384754D1BBBC6DE009E8331 /* D10.png */,
				C384754E1BBBC6DE009E8331 /* D12.png */,
				C384754F1BBBC6DE009E8331 /* D20.png */,
				C38475481BBBC6D4009E8331 /* D4.png */,
				C38475491BBBC6D4009E8331 /* D6.png */,
				C38475461BBBC242009E8331 /* D100.png */,
			);
			name = Images;
			sourceTree = "<group>";
		};
		C3AA47851BCB5E5F0083ED35 /* Table Rows */ = {
			isa = PBXGroup;
			children = (
				C3AA47831BCB5E540083ED35 /* rollRow.swift */,
				C38475301BBBB23D009E8331 /* diceRow.swift */,
			);
			name = "Table Rows";
			sourceTree = "<group>";
		};
		C3AA47861BCB5E9B0083ED35 /* Singletons */ = {
			isa = PBXGroup;
			children = (
				C3AA47791BCB40460083ED35 /* DiceRollerCore.swift */,
			);
			name = Singletons;
			sourceTree = "<group>";
		};
		C3AA47871BCB5EBE0083ED35 /* Code Behinds */ = {
			isa = PBXGroup;
			children = (
				C3AA477B1BCB4E800083ED35 /* MainScreenIC.swift */,
				C3AA477D1BCB4EAD0083ED35 /* DiceSelectScreenIC.swift */,
				C3AA477F1BCB4F100083ED35 /* QuantitySelectScreenIC.swift */,
			);
			name = "Code Behinds";
			sourceTree = "<group>";
		};
		C3AA47881BCB5EF00083ED35 /* Support Objects */ = {
			isa = PBXGroup;
			children = (
				C3AA47811BCB5B9A0083ED35 /* Roll.swift */,
			);
			name = "Support Objects";
			sourceTree = "<group>";
		};
		C3AA47891BCB5F680083ED35 /* Example Stuff */ = {
			isa = PBXGroup;
			children = (
				C384750F1BBB9B91009E8331 /* InterfaceController.swift */,
				C38475321BBBB382009E8331 /* tableExampleIC.swift */,
				C377A6971BBE424A00F58C8F /* pickerExampleIC.swift */,
			);
			name = "Example Stuff";
			sourceTree = "<group>";
		};
/* End PBXGroup section */

/* Begin PBXNativeTarget section */
		C38474D01BBB9B91009E8331 /* Dice Roller */ = {
			isa = PBXNativeTarget;
			buildConfigurationList = C38475221BBB9B91009E8331 /* Build configuration list for PBXNativeTarget "Dice Roller" */;
			buildPhases = (
				C38474CD1BBB9B91009E8331 /* Sources */,
				C38474CE1BBB9B91009E8331 /* Frameworks */,
				C38474CF1BBB9B91009E8331 /* Resources */,
				C38475211BBB9B91009E8331 /* Embed Watch Content */,
			);
			buildRules = (
			);
			dependencies = (
				C38474FC1BBB9B91009E8331 /* PBXTargetDependency */,
			);
			name = "Dice Roller";
			productName = "Dice Roller";
			productReference = C38474D11BBB9B91009E8331 /* Dice Roller.app */;
			productType = "com.apple.product-type.application";
		};
		C38474E41BBB9B91009E8331 /* Dice RollerTests */ = {
			isa = PBXNativeTarget;
			buildConfigurationList = C38475251BBB9B91009E8331 /* Build configuration list for PBXNativeTarget "Dice RollerTests" */;
			buildPhases = (
				C38474E11BBB9B91009E8331 /* Sources */,
				C38474E21BBB9B91009E8331 /* Frameworks */,
				C38474E31BBB9B91009E8331 /* Resources */,
			);
			buildRules = (
			);
			dependencies = (
				C38474E71BBB9B91009E8331 /* PBXTargetDependency */,
			);
			name = "Dice RollerTests";
			productName = "Dice RollerTests";
			productReference = C38474E51BBB9B91009E8331 /* Dice RollerTests.xctest */;
			productType = "com.apple.product-type.bundle.unit-test";
		};
		C38474EF1BBB9B91009E8331 /* Dice RollerUITests */ = {
			isa = PBXNativeTarget;
			buildConfigurationList = C38475281BBB9B91009E8331 /* Build configuration list for PBXNativeTarget "Dice RollerUITests" */;
			buildPhases = (
				C38474EC1BBB9B91009E8331 /* Sources */,
				C38474ED1BBB9B91009E8331 /* Frameworks */,
				C38474EE1BBB9B91009E8331 /* Resources */,
			);
			buildRules = (
			);
			dependencies = (
				C38474F21BBB9B91009E8331 /* PBXTargetDependency */,
			);
			name = "Dice RollerUITests";
			productName = "Dice RollerUITests";
			productReference = C38474F01BBB9B91009E8331 /* Dice RollerUITests.xctest */;
			productType = "com.apple.product-type.bundle.ui-testing";
		};
		C38474F81BBB9B91009E8331 /* Dice Roller WatchKit App */ = {
			isa = PBXNativeTarget;
			buildConfigurationList = C384751E1BBB9B91009E8331 /* Build configuration list for PBXNativeTarget "Dice Roller WatchKit App" */;
			buildPhases = (
				C38474F71BBB9B91009E8331 /* Resources */,
				C384751D1BBB9B91009E8331 /* Embed App Extensions */,
			);
			buildRules = (
			);
			dependencies = (
				C384750B1BBB9B91009E8331 /* PBXTargetDependency */,
			);
			name = "Dice Roller WatchKit App";
			productName = "Dice Roller WatchKit App";
			productReference = C38474F91BBB9B91009E8331 /* Dice Roller WatchKit App.app */;
			productType = "com.apple.product-type.application.watchapp2";
		};
		C38475071BBB9B91009E8331 /* Dice Roller WatchKit Extension */ = {
			isa = PBXNativeTarget;
			buildConfigurationList = C384751A1BBB9B91009E8331 /* Build configuration list for PBXNativeTarget "Dice Roller WatchKit Extension" */;
			buildPhases = (
				C38475041BBB9B91009E8331 /* Sources */,
				C38475051BBB9B91009E8331 /* Frameworks */,
				C38475061BBB9B91009E8331 /* Resources */,
			);
			buildRules = (
			);
			dependencies = (
			);
			name = "Dice Roller WatchKit Extension";
			productName = "Dice Roller WatchKit Extension";
			productReference = C38475081BBB9B91009E8331 /* Dice Roller WatchKit Extension.appex */;
			productType = "com.apple.product-type.watchkit2-extension";
		};
/* End PBXNativeTarget section */

/* Begin PBXProject section */
		C38474C91BBB9B91009E8331 /* Project object */ = {
			isa = PBXProject;
			attributes = {
				LastUpgradeCheck = 0700;
				ORGANIZATIONNAME = "Hinck, Johann A";
				TargetAttributes = {
					C38474D01BBB9B91009E8331 = {
						CreatedOnToolsVersion = 7.0;
					};
					C38474E41BBB9B91009E8331 = {
						CreatedOnToolsVersion = 7.0;
						TestTargetID = C38474D01BBB9B91009E8331;
					};
					C38474EF1BBB9B91009E8331 = {
						CreatedOnToolsVersion = 7.0;
						TestTargetID = C38474D01BBB9B91009E8331;
					};
					C38474F81BBB9B91009E8331 = {
						CreatedOnToolsVersion = 7.0;
					};
					C38475071BBB9B91009E8331 = {
						CreatedOnToolsVersion = 7.0;
					};
				};
			};
			buildConfigurationList = C38474CC1BBB9B91009E8331 /* Build configuration list for PBXProject "Dice Roller" */;
			compatibilityVersion = "Xcode 3.2";
			developmentRegion = English;
			hasScannedForEncodings = 0;
			knownRegions = (
				en,
				Base,
			);
			mainGroup = C38474C81BBB9B91009E8331;
			productRefGroup = C38474D21BBB9B91009E8331 /* Products */;
			projectDirPath = "";
			projectRoot = "";
			targets = (
				C38474D01BBB9B91009E8331 /* Dice Roller */,
				C38474E41BBB9B91009E8331 /* Dice RollerTests */,
				C38474EF1BBB9B91009E8331 /* Dice RollerUITests */,
				C38474F81BBB9B91009E8331 /* Dice Roller WatchKit App */,
				C38475071BBB9B91009E8331 /* Dice Roller WatchKit Extension */,
			);
		};
/* End PBXProject section */

/* Begin PBXResourcesBuildPhase section */
		C38474CF1BBB9B91009E8331 /* Resources */ = {
			isa = PBXResourcesBuildPhase;
			buildActionMask = 2147483647;
			files = (
				C38474DF1BBB9B91009E8331 /* LaunchScreen.storyboard in Resources */,
				C38474DC1BBB9B91009E8331 /* Assets.xcassets in Resources */,
				C38474DA1BBB9B91009E8331 /* Main.storyboard in Resources */,
			);
			runOnlyForDeploymentPostprocessing = 0;
		};
		C38474E31BBB9B91009E8331 /* Resources */ = {
			isa = PBXResourcesBuildPhase;
			buildActionMask = 2147483647;
			files = (
			);
			runOnlyForDeploymentPostprocessing = 0;
		};
		C38474EE1BBB9B91009E8331 /* Resources */ = {
			isa = PBXResourcesBuildPhase;
			buildActionMask = 2147483647;
			files = (
			);
			runOnlyForDeploymentPostprocessing = 0;
		};
		C38474F71BBB9B91009E8331 /* Resources */ = {
			isa = PBXResourcesBuildPhase;
			buildActionMask = 2147483647;
			files = (
				C384754B1BBBC6D4009E8331 /* D6.png in Resources */,
				C38475521BBBC6DE009E8331 /* D12.png in Resources */,
				C38475501BBBC6DE009E8331 /* D8.png in Resources */,
				C38475021BBB9B91009E8331 /* Assets.xcassets in Resources */,
				C38475511BBBC6DE009E8331 /* D10.png in Resources */,
				C384754A1BBBC6D4009E8331 /* D4.png in Resources */,
				C38475531BBBC6DE009E8331 /* D20.png in Resources */,
				C38475471BBBC242009E8331 /* D100.png in Resources */,
				C38475001BBB9B91009E8331 /* Interface.storyboard in Resources */,
			);
			runOnlyForDeploymentPostprocessing = 0;
		};
		C38475061BBB9B91009E8331 /* Resources */ = {
			isa = PBXResourcesBuildPhase;
			buildActionMask = 2147483647;
			files = (
				C38475161BBB9B91009E8331 /* Assets.xcassets in Resources */,
			);
			runOnlyForDeploymentPostprocessing = 0;
		};
/* End PBXResourcesBuildPhase section */

/* Begin PBXSourcesBuildPhase section */
		C38474CD1BBB9B91009E8331 /* Sources */ = {
			isa = PBXSourcesBuildPhase;
			buildActionMask = 2147483647;
			files = (
				C38474D71BBB9B91009E8331 /* ViewController.swift in Sources */,
				C38474D51BBB9B91009E8331 /* AppDelegate.swift in Sources */,
			);
			runOnlyForDeploymentPostprocessing = 0;
		};
		C38474E11BBB9B91009E8331 /* Sources */ = {
			isa = PBXSourcesBuildPhase;
			buildActionMask = 2147483647;
			files = (
				C38474EA1BBB9B91009E8331 /* Dice_RollerTests.swift in Sources */,
			);
			runOnlyForDeploymentPostprocessing = 0;
		};
		C38474EC1BBB9B91009E8331 /* Sources */ = {
			isa = PBXSourcesBuildPhase;
			buildActionMask = 2147483647;
			files = (
				C38474F51BBB9B91009E8331 /* Dice_RollerUITests.swift in Sources */,
			);
			runOnlyForDeploymentPostprocessing = 0;
		};
		C38475041BBB9B91009E8331 /* Sources */ = {
			isa = PBXSourcesBuildPhase;
			buildActionMask = 2147483647;
			files = (
				C3AA47801BCB4F100083ED35 /* QuantitySelectScreenIC.swift in Sources */,
				C38475141BBB9B91009E8331 /* NotificationController.swift in Sources */,
				C38475311BBBB23D009E8331 /* diceRow.swift in Sources */,
				C38475121BBB9B91009E8331 /* ExtensionDelegate.swift in Sources */,
				C3AA477E1BCB4EAD0083ED35 /* DiceSelectScreenIC.swift in Sources */,
				C3AA47841BCB5E540083ED35 /* rollRow.swift in Sources */,
				C38475101BBB9B91009E8331 /* InterfaceController.swift in Sources */,
				C3AA477A1BCB40460083ED35 /* DiceRollerCore.swift in Sources */,
				C377A6981BBE424A00F58C8F /* pickerExampleIC.swift in Sources */,
				C3AA47821BCB5B9A0083ED35 /* Roll.swift in Sources */,
				C3AA477C1BCB4E800083ED35 /* MainScreenIC.swift in Sources */,
				C38475331BBBB382009E8331 /* tableExampleIC.swift in Sources */,
			);
			runOnlyForDeploymentPostprocessing = 0;
		};
/* End PBXSourcesBuildPhase section */

/* Begin PBXTargetDependency section */
		C38474E71BBB9B91009E8331 /* PBXTargetDependency */ = {
			isa = PBXTargetDependency;
			target = C38474D01BBB9B91009E8331 /* Dice Roller */;
			targetProxy = C38474E61BBB9B91009E8331 /* PBXContainerItemProxy */;
		};
		C38474F21BBB9B91009E8331 /* PBXTargetDependency */ = {
			isa = PBXTargetDependency;
			target = C38474D01BBB9B91009E8331 /* Dice Roller */;
			targetProxy = C38474F11BBB9B91009E8331 /* PBXContainerItemProxy */;
		};
		C38474FC1BBB9B91009E8331 /* PBXTargetDependency */ = {
			isa = PBXTargetDependency;
			target = C38474F81BBB9B91009E8331 /* Dice Roller WatchKit App */;
			targetProxy = C38474FB1BBB9B91009E8331 /* PBXContainerItemProxy */;
		};
		C384750B1BBB9B91009E8331 /* PBXTargetDependency */ = {
			isa = PBXTargetDependency;
			target = C38475071BBB9B91009E8331 /* Dice Roller WatchKit Extension */;
			targetProxy = C384750A1BBB9B91009E8331 /* PBXContainerItemProxy */;
		};
/* End PBXTargetDependency section */

/* Begin PBXVariantGroup section */
		C38474D81BBB9B91009E8331 /* Main.storyboard */ = {
			isa = PBXVariantGroup;
			children = (
				C38474D91BBB9B91009E8331 /* Base */,
			);
			name = Main.storyboard;
			sourceTree = "<group>";
		};
		C38474DD1BBB9B91009E8331 /* LaunchScreen.storyboard */ = {
			isa = PBXVariantGroup;
			children = (
				C38474DE1BBB9B91009E8331 /* Base */,
			);
			name = LaunchScreen.storyboard;
			sourceTree = "<group>";
		};
		C38474FE1BBB9B91009E8331 /* Interface.storyboard */ = {
			isa = PBXVariantGroup;
			children = (
				C38474FF1BBB9B91009E8331 /* Base */,
			);
			name = Interface.storyboard;
			sourceTree = "<group>";
		};
/* End PBXVariantGroup section */

/* Begin XCBuildConfiguration section */
		C38475181BBB9B91009E8331 /* Debug */ = {
			isa = XCBuildConfiguration;
			buildSettings = {
				ALWAYS_SEARCH_USER_PATHS = NO;
				CLANG_CXX_LANGUAGE_STANDARD = "gnu++0x";
				CLANG_CXX_LIBRARY = "libc++";
				CLANG_ENABLE_MODULES = YES;
				CLANG_ENABLE_OBJC_ARC = YES;
				CLANG_WARN_BOOL_CONVERSION = YES;
				CLANG_WARN_CONSTANT_CONVERSION = YES;
				CLANG_WARN_DIRECT_OBJC_ISA_USAGE = YES_ERROR;
				CLANG_WARN_EMPTY_BODY = YES;
				CLANG_WARN_ENUM_CONVERSION = YES;
				CLANG_WARN_INT_CONVERSION = YES;
				CLANG_WARN_OBJC_ROOT_CLASS = YES_ERROR;
				CLANG_WARN_UNREACHABLE_CODE = YES;
				CLANG_WARN__DUPLICATE_METHOD_MATCH = YES;
				"CODE_SIGN_IDENTITY[sdk=iphoneos*]" = "iPhone Developer";
				COPY_PHASE_STRIP = NO;
				DEBUG_INFORMATION_FORMAT = dwarf;
				ENABLE_STRICT_OBJC_MSGSEND = YES;
				ENABLE_TESTABILITY = YES;
				GCC_C_LANGUAGE_STANDARD = gnu99;
				GCC_DYNAMIC_NO_PIC = NO;
				GCC_NO_COMMON_BLOCKS = YES;
				GCC_OPTIMIZATION_LEVEL = 0;
				GCC_PREPROCESSOR_DEFINITIONS = (
					"DEBUG=1",
					"$(inherited)",
				);
				GCC_WARN_64_TO_32_BIT_CONVERSION = YES;
				GCC_WARN_ABOUT_RETURN_TYPE = YES_ERROR;
				GCC_WARN_UNDECLARED_SELECTOR = YES;
				GCC_WARN_UNINITIALIZED_AUTOS = YES_AGGRESSIVE;
				GCC_WARN_UNUSED_FUNCTION = YES;
				GCC_WARN_UNUSED_VARIABLE = YES;
				IPHONEOS_DEPLOYMENT_TARGET = 9.0;
				MTL_ENABLE_DEBUG_INFO = YES;
				ONLY_ACTIVE_ARCH = YES;
				SDKROOT = iphoneos;
				SWIFT_OPTIMIZATION_LEVEL = "-Onone";
				TARGETED_DEVICE_FAMILY = "1,2";
			};
			name = Debug;
		};
		C38475191BBB9B91009E8331 /* Release */ = {
			isa = XCBuildConfiguration;
			buildSettings = {
				ALWAYS_SEARCH_USER_PATHS = NO;
				CLANG_CXX_LANGUAGE_STANDARD = "gnu++0x";
				CLANG_CXX_LIBRARY = "libc++";
				CLANG_ENABLE_MODULES = YES;
				CLANG_ENABLE_OBJC_ARC = YES;
				CLANG_WARN_BOOL_CONVERSION = YES;
				CLANG_WARN_CONSTANT_CONVERSION = YES;
				CLANG_WARN_DIRECT_OBJC_ISA_USAGE = YES_ERROR;
				CLANG_WARN_EMPTY_BODY = YES;
				CLANG_WARN_ENUM_CONVERSION = YES;
				CLANG_WARN_INT_CONVERSION = YES;
				CLANG_WARN_OBJC_ROOT_CLASS = YES_ERROR;
				CLANG_WARN_UNREACHABLE_CODE = YES;
				CLANG_WARN__DUPLICATE_METHOD_MATCH = YES;
				"CODE_SIGN_IDENTITY[sdk=iphoneos*]" = "iPhone Developer";
				COPY_PHASE_STRIP = NO;
				DEBUG_INFORMATION_FORMAT = "dwarf-with-dsym";
				ENABLE_NS_ASSERTIONS = NO;
				ENABLE_STRICT_OBJC_MSGSEND = YES;
				GCC_C_LANGUAGE_STANDARD = gnu99;
				GCC_NO_COMMON_BLOCKS = YES;
				GCC_WARN_64_TO_32_BIT_CONVERSION = YES;
				GCC_WARN_ABOUT_RETURN_TYPE = YES_ERROR;
				GCC_WARN_UNDECLARED_SELECTOR = YES;
				GCC_WARN_UNINITIALIZED_AUTOS = YES_AGGRESSIVE;
				GCC_WARN_UNUSED_FUNCTION = YES;
				GCC_WARN_UNUSED_VARIABLE = YES;
				IPHONEOS_DEPLOYMENT_TARGET = 9.0;
				MTL_ENABLE_DEBUG_INFO = NO;
				SDKROOT = iphoneos;
				TARGETED_DEVICE_FAMILY = "1,2";
				VALIDATE_PRODUCT = YES;
			};
			name = Release;
		};
		C384751B1BBB9B91009E8331 /* Debug */ = {
			isa = XCBuildConfiguration;
			buildSettings = {
				INFOPLIST_FILE = "Dice Roller WatchKit Extension/Info.plist";
				LD_RUNPATH_SEARCH_PATHS = "$(inherited) @executable_path/Frameworks @executable_path/../../Frameworks";
				PRODUCT_BUNDLE_IDENTIFIER = "com.Concordia.Dice-Roller.watchkitapp.watchkitextension";
				PRODUCT_NAME = "${TARGET_NAME}";
				SDKROOT = watchos;
				SKIP_INSTALL = YES;
				TARGETED_DEVICE_FAMILY = 4;
				WATCHOS_DEPLOYMENT_TARGET = 2.0;
			};
			name = Debug;
		};
		C384751C1BBB9B91009E8331 /* Release */ = {
			isa = XCBuildConfiguration;
			buildSettings = {
				INFOPLIST_FILE = "Dice Roller WatchKit Extension/Info.plist";
				LD_RUNPATH_SEARCH_PATHS = "$(inherited) @executable_path/Frameworks @executable_path/../../Frameworks";
				PRODUCT_BUNDLE_IDENTIFIER = "com.Concordia.Dice-Roller.watchkitapp.watchkitextension";
				PRODUCT_NAME = "${TARGET_NAME}";
				SDKROOT = watchos;
				SKIP_INSTALL = YES;
				TARGETED_DEVICE_FAMILY = 4;
				WATCHOS_DEPLOYMENT_TARGET = 2.0;
			};
			name = Release;
		};
		C384751F1BBB9B91009E8331 /* Debug */ = {
			isa = XCBuildConfiguration;
			buildSettings = {
				ASSETCATALOG_COMPILER_APPICON_NAME = AppIcon;
				EMBEDDED_CONTENT_CONTAINS_SWIFT = YES;
				IBSC_MODULE = Dice_Roller_WatchKit_Extension;
				INFOPLIST_FILE = "Dice Roller WatchKit App/Info.plist";
				PRODUCT_BUNDLE_IDENTIFIER = "com.Concordia.Dice-Roller.watchkitapp";
				PRODUCT_NAME = "$(TARGET_NAME)";
				SDKROOT = watchos;
				SKIP_INSTALL = YES;
				TARGETED_DEVICE_FAMILY = 4;
				WATCHOS_DEPLOYMENT_TARGET = 2.0;
			};
			name = Debug;
		};
		C38475201BBB9B91009E8331 /* Release */ = {
			isa = XCBuildConfiguration;
			buildSettings = {
				ASSETCATALOG_COMPILER_APPICON_NAME = AppIcon;
				EMBEDDED_CONTENT_CONTAINS_SWIFT = YES;
				IBSC_MODULE = Dice_Roller_WatchKit_Extension;
				INFOPLIST_FILE = "Dice Roller WatchKit App/Info.plist";
				PRODUCT_BUNDLE_IDENTIFIER = "com.Concordia.Dice-Roller.watchkitapp";
				PRODUCT_NAME = "$(TARGET_NAME)";
				SDKROOT = watchos;
				SKIP_INSTALL = YES;
				TARGETED_DEVICE_FAMILY = 4;
				WATCHOS_DEPLOYMENT_TARGET = 2.0;
			};
			name = Release;
		};
		C38475231BBB9B91009E8331 /* Debug */ = {
			isa = XCBuildConfiguration;
			buildSettings = {
				ASSETCATALOG_COMPILER_APPICON_NAME = AppIcon;
				INFOPLIST_FILE = "Dice Roller/Info.plist";
				LD_RUNPATH_SEARCH_PATHS = "$(inherited) @executable_path/Frameworks";
				PRODUCT_BUNDLE_IDENTIFIER = "com.Concordia.Dice-Roller";
				PRODUCT_NAME = "$(TARGET_NAME)";
			};
			name = Debug;
		};
		C38475241BBB9B91009E8331 /* Release */ = {
			isa = XCBuildConfiguration;
			buildSettings = {
				ASSETCATALOG_COMPILER_APPICON_NAME = AppIcon;
				INFOPLIST_FILE = "Dice Roller/Info.plist";
				LD_RUNPATH_SEARCH_PATHS = "$(inherited) @executable_path/Frameworks";
				PRODUCT_BUNDLE_IDENTIFIER = "com.Concordia.Dice-Roller";
				PRODUCT_NAME = "$(TARGET_NAME)";
			};
			name = Release;
		};
		C38475261BBB9B91009E8331 /* Debug */ = {
			isa = XCBuildConfiguration;
			buildSettings = {
				BUNDLE_LOADER = "$(TEST_HOST)";
				INFOPLIST_FILE = "Dice RollerTests/Info.plist";
				LD_RUNPATH_SEARCH_PATHS = "$(inherited) @executable_path/Frameworks @loader_path/Frameworks";
				PRODUCT_BUNDLE_IDENTIFIER = "com.Concordia.Dice-RollerTests";
				PRODUCT_NAME = "$(TARGET_NAME)";
				TEST_HOST = "$(BUILT_PRODUCTS_DIR)/Dice Roller.app/Dice Roller";
			};
			name = Debug;
		};
		C38475271BBB9B91009E8331 /* Release */ = {
			isa = XCBuildConfiguration;
			buildSettings = {
				BUNDLE_LOADER = "$(TEST_HOST)";
				INFOPLIST_FILE = "Dice RollerTests/Info.plist";
				LD_RUNPATH_SEARCH_PATHS = "$(inherited) @executable_path/Frameworks @loader_path/Frameworks";
				PRODUCT_BUNDLE_IDENTIFIER = "com.Concordia.Dice-RollerTests";
				PRODUCT_NAME = "$(TARGET_NAME)";
				TEST_HOST = "$(BUILT_PRODUCTS_DIR)/Dice Roller.app/Dice Roller";
			};
			name = Release;
		};
		C38475291BBB9B91009E8331 /* Debug */ = {
			isa = XCBuildConfiguration;
			buildSettings = {
				INFOPLIST_FILE = "Dice RollerUITests/Info.plist";
				LD_RUNPATH_SEARCH_PATHS = "$(inherited) @executable_path/Frameworks @loader_path/Frameworks";
				PRODUCT_BUNDLE_IDENTIFIER = "com.Concordia.Dice-RollerUITests";
				PRODUCT_NAME = "$(TARGET_NAME)";
				TEST_TARGET_NAME = "Dice Roller";
				USES_XCTRUNNER = YES;
			};
			name = Debug;
		};
		C384752A1BBB9B91009E8331 /* Release */ = {
			isa = XCBuildConfiguration;
			buildSettings = {
				INFOPLIST_FILE = "Dice RollerUITests/Info.plist";
				LD_RUNPATH_SEARCH_PATHS = "$(inherited) @executable_path/Frameworks @loader_path/Frameworks";
				PRODUCT_BUNDLE_IDENTIFIER = "com.Concordia.Dice-RollerUITests";
				PRODUCT_NAME = "$(TARGET_NAME)";
				TEST_TARGET_NAME = "Dice Roller";
				USES_XCTRUNNER = YES;
			};
			name = Release;
		};
/* End XCBuildConfiguration section */

/* Begin XCConfigurationList section */
		C38474CC1BBB9B91009E8331 /* Build configuration list for PBXProject "Dice Roller" */ = {
			isa = XCConfigurationList;
			buildConfigurations = (
				C38475181BBB9B91009E8331 /* Debug */,
				C38475191BBB9B91009E8331 /* Release */,
			);
			defaultConfigurationIsVisible = 0;
			defaultConfigurationName = Release;
		};
		C384751A1BBB9B91009E8331 /* Build configuration list for PBXNativeTarget "Dice Roller WatchKit Extension" */ = {
			isa = XCConfigurationList;
			buildConfigurations = (
				C384751B1BBB9B91009E8331 /* Debug */,
				C384751C1BBB9B91009E8331 /* Release */,
			);
			defaultConfigurationIsVisible = 0;
			defaultConfigurationName = Release;
		};
		C384751E1BBB9B91009E8331 /* Build configuration list for PBXNativeTarget "Dice Roller WatchKit App" */ = {
			isa = XCConfigurationList;
			buildConfigurations = (
				C384751F1BBB9B91009E8331 /* Debug */,
				C38475201BBB9B91009E8331 /* Release */,
			);
			defaultConfigurationIsVisible = 0;
			defaultConfigurationName = Release;
		};
		C38475221BBB9B91009E8331 /* Build configuration list for PBXNativeTarget "Dice Roller" */ = {
			isa = XCConfigurationList;
			buildConfigurations = (
				C38475231BBB9B91009E8331 /* Debug */,
				C38475241BBB9B91009E8331 /* Release */,
			);
			defaultConfigurationIsVisible = 0;
			defaultConfigurationName = Release;
		};
		C38475251BBB9B91009E8331 /* Build configuration list for PBXNativeTarget "Dice RollerTests" */ = {
			isa = XCConfigurationList;
			buildConfigurations = (
				C38475261BBB9B91009E8331 /* Debug */,
				C38475271BBB9B91009E8331 /* Release */,
			);
			defaultConfigurationIsVisible = 0;
			defaultConfigurationName = Release;
		};
		C38475281BBB9B91009E8331 /* Build configuration list for PBXNativeTarget "Dice RollerUITests" */ = {
			isa = XCConfigurationList;
			buildConfigurations = (
				C38475291BBB9B91009E8331 /* Debug */,
				C384752A1BBB9B91009E8331 /* Release */,
			);
			defaultConfigurationIsVisible = 0;
			defaultConfigurationName = Release;
		};
/* End XCConfigurationList section */
	};
	rootObject = C38474C91BBB9B91009E8331 /* Project object */;
}
